// !$*UTF8*$!
{
	archiveVersion = 1;
	classes = {
	};
	objectVersion = 50;
	objects = {

/* Begin PBXBuildFile section */
		E20317FA25AEE40400480AAF /* ZHAPIManager.h in Headers */ = {isa = PBXBuildFile; fileRef = E20317F825AEE40400480AAF /* ZHAPIManager.h */; };
		E20317FB25AEE40400480AAF /* ZHAPIManager.m in Sources */ = {isa = PBXBuildFile; fileRef = E20317F925AEE40400480AAF /* ZHAPIManager.m */; };
		E2CBF4B725A86DEB0097026F /* ZHSDK.framework in Frameworks */ = {isa = PBXBuildFile; fileRef = E2CBF4AD25A86DEA0097026F /* ZHSDK.framework */; };
		E2CBF4BC25A86DEB0097026F /* ZHSDKTests.m in Sources */ = {isa = PBXBuildFile; fileRef = E2CBF4BB25A86DEB0097026F /* ZHSDKTests.m */; };
		E2CBF4BE25A86DEB0097026F /* ZHSDK.h in Headers */ = {isa = PBXBuildFile; fileRef = E2CBF4B025A86DEA0097026F /* ZHSDK.h */; settings = {ATTRIBUTES = (Public, ); }; };
		E2E5E4D025AEDCBC007D144A /* ZHHeader.h in Headers */ = {isa = PBXBuildFile; fileRef = E2E5E4CF25AEDCBC007D144A /* ZHHeader.h */; };
		E2E5E4D625AEDD21007D144A /* ZHPrefixHeader.pch in Headers */ = {isa = PBXBuildFile; fileRef = E2E5E4D525AEDD21007D144A /* ZHPrefixHeader.pch */; };
		E2E5E4DD25AEDDE4007D144A /* ZHAccountManager.h in Headers */ = {isa = PBXBuildFile; fileRef = E2E5E4DB25AEDDE4007D144A /* ZHAccountManager.h */; };
		E2E5E4DE25AEDDE4007D144A /* ZHAccountManager.m in Sources */ = {isa = PBXBuildFile; fileRef = E2E5E4DC25AEDDE4007D144A /* ZHAccountManager.m */; };
		E2E5E4E725AEDE6C007D144A /* ZHLoginVC.h in Headers */ = {isa = PBXBuildFile; fileRef = E2E5E4E525AEDE6C007D144A /* ZHLoginVC.h */; };
		E2E5E4E825AEDE6C007D144A /* ZHLoginVC.m in Sources */ = {isa = PBXBuildFile; fileRef = E2E5E4E625AEDE6C007D144A /* ZHLoginVC.m */; };
		E2E5E4F025AEDF5D007D144A /* ZHAPI.h in Headers */ = {isa = PBXBuildFile; fileRef = E2E5E4EE25AEDF5D007D144A /* ZHAPI.h */; settings = {ATTRIBUTES = (Public, ); }; };
		E2E5E4F125AEDF5D007D144A /* ZHAPI.m in Sources */ = {isa = PBXBuildFile; fileRef = E2E5E4EF25AEDF5D007D144A /* ZHAPI.m */; };
/* End PBXBuildFile section */

/* Begin PBXContainerItemProxy section */
		E2CBF4B825A86DEB0097026F /* PBXContainerItemProxy */ = {
			isa = PBXContainerItemProxy;
			containerPortal = E2CBF4A425A86DEA0097026F /* Project object */;
			proxyType = 1;
			remoteGlobalIDString = E2CBF4AC25A86DEA0097026F;
			remoteInfo = ZHSDK;
		};
/* End PBXContainerItemProxy section */

/* Begin PBXFileReference section */
		E20317F825AEE40400480AAF /* ZHAPIManager.h */ = {isa = PBXFileReference; lastKnownFileType = sourcecode.c.h; path = ZHAPIManager.h; sourceTree = "<group>"; };
		E20317F925AEE40400480AAF /* ZHAPIManager.m */ = {isa = PBXFileReference; lastKnownFileType = sourcecode.c.objc; path = ZHAPIManager.m; sourceTree = "<group>"; };
		E2CBF4AD25A86DEA0097026F /* ZHSDK.framework */ = {isa = PBXFileReference; explicitFileType = wrapper.framework; includeInIndex = 0; path = ZHSDK.framework; sourceTree = BUILT_PRODUCTS_DIR; };
		E2CBF4B025A86DEA0097026F /* ZHSDK.h */ = {isa = PBXFileReference; lastKnownFileType = sourcecode.c.h; path = ZHSDK.h; sourceTree = "<group>"; };
		E2CBF4B125A86DEA0097026F /* Info.plist */ = {isa = PBXFileReference; lastKnownFileType = text.plist.xml; path = Info.plist; sourceTree = "<group>"; };
		E2CBF4B625A86DEB0097026F /* ZHSDKTests.xctest */ = {isa = PBXFileReference; explicitFileType = wrapper.cfbundle; includeInIndex = 0; path = ZHSDKTests.xctest; sourceTree = BUILT_PRODUCTS_DIR; };
		E2CBF4BB25A86DEB0097026F /* ZHSDKTests.m */ = {isa = PBXFileReference; lastKnownFileType = sourcecode.c.objc; path = ZHSDKTests.m; sourceTree = "<group>"; };
		E2CBF4BD25A86DEB0097026F /* Info.plist */ = {isa = PBXFileReference; lastKnownFileType = text.plist.xml; path = Info.plist; sourceTree = "<group>"; };
		E2E5E4CF25AEDCBC007D144A /* ZHHeader.h */ = {isa = PBXFileReference; lastKnownFileType = sourcecode.c.h; path = ZHHeader.h; sourceTree = "<group>"; };
		E2E5E4D525AEDD21007D144A /* ZHPrefixHeader.pch */ = {isa = PBXFileReference; lastKnownFileType = sourcecode.c.h; path = ZHPrefixHeader.pch; sourceTree = "<group>"; };
		E2E5E4DB25AEDDE4007D144A /* ZHAccountManager.h */ = {isa = PBXFileReference; lastKnownFileType = sourcecode.c.h; path = ZHAccountManager.h; sourceTree = "<group>"; };
		E2E5E4DC25AEDDE4007D144A /* ZHAccountManager.m */ = {isa = PBXFileReference; lastKnownFileType = sourcecode.c.objc; path = ZHAccountManager.m; sourceTree = "<group>"; };
		E2E5E4E525AEDE6C007D144A /* ZHLoginVC.h */ = {isa = PBXFileReference; lastKnownFileType = sourcecode.c.h; path = ZHLoginVC.h; sourceTree = "<group>"; };
		E2E5E4E625AEDE6C007D144A /* ZHLoginVC.m */ = {isa = PBXFileReference; lastKnownFileType = sourcecode.c.objc; path = ZHLoginVC.m; sourceTree = "<group>"; };
		E2E5E4EE25AEDF5D007D144A /* ZHAPI.h */ = {isa = PBXFileReference; lastKnownFileType = sourcecode.c.h; path = ZHAPI.h; sourceTree = "<group>"; };
		E2E5E4EF25AEDF5D007D144A /* ZHAPI.m */ = {isa = PBXFileReference; lastKnownFileType = sourcecode.c.objc; path = ZHAPI.m; sourceTree = "<group>"; };
/* End PBXFileReference section */

/* Begin PBXFrameworksBuildPhase section */
		E2CBF4AA25A86DEA0097026F /* Frameworks */ = {
			isa = PBXFrameworksBuildPhase;
			buildActionMask = 2147483647;
			files = (
			);
			runOnlyForDeploymentPostprocessing = 0;
		};
		E2CBF4B325A86DEB0097026F /* Frameworks */ = {
			isa = PBXFrameworksBuildPhase;
			buildActionMask = 2147483647;
			files = (
				E2CBF4B725A86DEB0097026F /* ZHSDK.framework in Frameworks */,
			);
			runOnlyForDeploymentPostprocessing = 0;
		};
/* End PBXFrameworksBuildPhase section */

/* Begin PBXGroup section */
		E21D8DD125B1806000042CA7 /* ZHThirdSDK */ = {
			isa = PBXGroup;
			children = (
			);
			name = ZHThirdSDK;
			path = ZHSDK/ZHThirdSDK;
			sourceTree = SOURCE_ROOT;
		};
		E2CBF4A325A86DEA0097026F = {
			isa = PBXGroup;
			children = (
				E2CBF4AF25A86DEA0097026F /* ZHSDK */,
				E2CBF4BA25A86DEB0097026F /* ZHSDKTests */,
				E2CBF4AE25A86DEA0097026F /* Products */,
			);
			sourceTree = "<group>";
		};
		E2CBF4AE25A86DEA0097026F /* Products */ = {
			isa = PBXGroup;
			children = (
				E2CBF4AD25A86DEA0097026F /* ZHSDK.framework */,
				E2CBF4B625A86DEB0097026F /* ZHSDKTests.xctest */,
			);
			name = Products;
			sourceTree = "<group>";
		};
		E2CBF4AF25A86DEA0097026F /* ZHSDK */ = {
			isa = PBXGroup;
			children = (
				E2CBF4B025A86DEA0097026F /* ZHSDK.h */,
				E2CBF4B125A86DEA0097026F /* Info.plist */,
				E2E5E4ED25AEDF3A007D144A /* ZHAPI */,
				E2E5E4CE25AEDC25007D144A /* ZHTools */,
				E2E5E4CB25AEDC21007D144A /* ZHClasses */,
				E2E5E4CD25AEDC21007D144A /* ZHAccountManager */,
				E2E5E4CC25AEDC21007D144A /* ZHHeader */,
				E21D8DD125B1806000042CA7 /* ZHThirdSDK */,
			);
			path = ZHSDK;
			sourceTree = "<group>";
		};
		E2CBF4BA25A86DEB0097026F /* ZHSDKTests */ = {
			isa = PBXGroup;
			children = (
				E2CBF4BB25A86DEB0097026F /* ZHSDKTests.m */,
				E2CBF4BD25A86DEB0097026F /* Info.plist */,
			);
			path = ZHSDKTests;
			sourceTree = "<group>";
		};
		E2E5E4CB25AEDC21007D144A /* ZHClasses */ = {
			isa = PBXGroup;
			children = (
				E2E5E4E225AEDE53007D144A /* controller */,
				E2E5E4E425AEDE53007D144A /* model */,
				E2E5E4E325AEDE53007D144A /* view */,
			);
			path = ZHClasses;
			sourceTree = "<group>";
		};
		E2E5E4CC25AEDC21007D144A /* ZHHeader */ = {
			isa = PBXGroup;
			children = (
				E2E5E4CF25AEDCBC007D144A /* ZHHeader.h */,
				E2E5E4D525AEDD21007D144A /* ZHPrefixHeader.pch */,
			);
			path = ZHHeader;
			sourceTree = "<group>";
		};
		E2E5E4CD25AEDC21007D144A /* ZHAccountManager */ = {
			isa = PBXGroup;
			children = (
				E2E5E4DB25AEDDE4007D144A /* ZHAccountManager.h */,
				E2E5E4DC25AEDDE4007D144A /* ZHAccountManager.m */,
			);
			path = ZHAccountManager;
			sourceTree = "<group>";
		};
		E2E5E4CE25AEDC25007D144A /* ZHTools */ = {
			isa = PBXGroup;
			children = (
			);
			path = ZHTools;
			sourceTree = "<group>";
		};
		E2E5E4E225AEDE53007D144A /* controller */ = {
			isa = PBXGroup;
			children = (
				E2E5E4E525AEDE6C007D144A /* ZHLoginVC.h */,
				E2E5E4E625AEDE6C007D144A /* ZHLoginVC.m */,
			);
			path = controller;
			sourceTree = "<group>";
		};
		E2E5E4E325AEDE53007D144A /* view */ = {
			isa = PBXGroup;
			children = (
			);
			path = view;
			sourceTree = "<group>";
		};
		E2E5E4E425AEDE53007D144A /* model */ = {
			isa = PBXGroup;
			children = (
			);
			path = model;
			sourceTree = "<group>";
		};
		E2E5E4ED25AEDF3A007D144A /* ZHAPI */ = {
			isa = PBXGroup;
			children = (
				E2E5E4EE25AEDF5D007D144A /* ZHAPI.h */,
				E2E5E4EF25AEDF5D007D144A /* ZHAPI.m */,
				E20317F825AEE40400480AAF /* ZHAPIManager.h */,
				E20317F925AEE40400480AAF /* ZHAPIManager.m */,
			);
			path = ZHAPI;
			sourceTree = "<group>";
		};
/* End PBXGroup section */

/* Begin PBXHeadersBuildPhase section */
		E2CBF4A825A86DEA0097026F /* Headers */ = {
			isa = PBXHeadersBuildPhase;
			buildActionMask = 2147483647;
			files = (
				E2CBF4BE25A86DEB0097026F /* ZHSDK.h in Headers */,
				E2E5E4F025AEDF5D007D144A /* ZHAPI.h in Headers */,
				E2E5E4D025AEDCBC007D144A /* ZHHeader.h in Headers */,
				E2E5E4DD25AEDDE4007D144A /* ZHAccountManager.h in Headers */,
				E2E5E4D625AEDD21007D144A /* ZHPrefixHeader.pch in Headers */,
				E2E5E4E725AEDE6C007D144A /* ZHLoginVC.h in Headers */,
				E20317FA25AEE40400480AAF /* ZHAPIManager.h in Headers */,
			);
			runOnlyForDeploymentPostprocessing = 0;
		};
/* End PBXHeadersBuildPhase section */

/* Begin PBXNativeTarget section */
		E2CBF4AC25A86DEA0097026F /* ZHSDK */ = {
			isa = PBXNativeTarget;
			buildConfigurationList = E2CBF4C125A86DEB0097026F /* Build configuration list for PBXNativeTarget "ZHSDK" */;
			buildPhases = (
				E2CBF4A825A86DEA0097026F /* Headers */,
				E2CBF4A925A86DEA0097026F /* Sources */,
				E2CBF4AA25A86DEA0097026F /* Frameworks */,
				E2CBF4AB25A86DEA0097026F /* Resources */,
			);
			buildRules = (
			);
			dependencies = (
			);
			name = ZHSDK;
			productName = ZHSDK;
			productReference = E2CBF4AD25A86DEA0097026F /* ZHSDK.framework */;
			productType = "com.apple.product-type.framework";
		};
		E2CBF4B525A86DEB0097026F /* ZHSDKTests */ = {
			isa = PBXNativeTarget;
			buildConfigurationList = E2CBF4C425A86DEB0097026F /* Build configuration list for PBXNativeTarget "ZHSDKTests" */;
			buildPhases = (
				E2CBF4B225A86DEB0097026F /* Sources */,
				E2CBF4B325A86DEB0097026F /* Frameworks */,
				E2CBF4B425A86DEB0097026F /* Resources */,
			);
			buildRules = (
			);
			dependencies = (
				E2CBF4B925A86DEB0097026F /* PBXTargetDependency */,
			);
			name = ZHSDKTests;
			productName = ZHSDKTests;
			productReference = E2CBF4B625A86DEB0097026F /* ZHSDKTests.xctest */;
			productType = "com.apple.product-type.bundle.unit-test";
		};
/* End PBXNativeTarget section */

/* Begin PBXProject section */
		E2CBF4A425A86DEA0097026F /* Project object */ = {
			isa = PBXProject;
			attributes = {
				LastUpgradeCheck = 1220;
				TargetAttributes = {
					E2CBF4AC25A86DEA0097026F = {
						CreatedOnToolsVersion = 12.2;
					};
					E2CBF4B525A86DEB0097026F = {
						CreatedOnToolsVersion = 12.2;
					};
				};
			};
			buildConfigurationList = E2CBF4A725A86DEA0097026F /* Build configuration list for PBXProject "ZHSDK" */;
			compatibilityVersion = "Xcode 9.3";
			developmentRegion = en;
			hasScannedForEncodings = 0;
			knownRegions = (
				en,
				Base,
			);
			mainGroup = E2CBF4A325A86DEA0097026F;
			productRefGroup = E2CBF4AE25A86DEA0097026F /* Products */;
			projectDirPath = "";
			projectRoot = "";
			targets = (
				E2CBF4AC25A86DEA0097026F /* ZHSDK */,
				E2CBF4B525A86DEB0097026F /* ZHSDKTests */,
			);
		};
/* End PBXProject section */

/* Begin PBXResourcesBuildPhase section */
		E2CBF4AB25A86DEA0097026F /* Resources */ = {
			isa = PBXResourcesBuildPhase;
			buildActionMask = 2147483647;
			files = (
			);
			runOnlyForDeploymentPostprocessing = 0;
		};
		E2CBF4B425A86DEB0097026F /* Resources */ = {
			isa = PBXResourcesBuildPhase;
			buildActionMask = 2147483647;
			files = (
			);
			runOnlyForDeploymentPostprocessing = 0;
		};
/* End PBXResourcesBuildPhase section */

/* Begin PBXSourcesBuildPhase section */
		E2CBF4A925A86DEA0097026F /* Sources */ = {
			isa = PBXSourcesBuildPhase;
			buildActionMask = 2147483647;
			files = (
				E20317FB25AEE40400480AAF /* ZHAPIManager.m in Sources */,
				E2E5E4F125AEDF5D007D144A /* ZHAPI.m in Sources */,
				E2E5E4E825AEDE6C007D144A /* ZHLoginVC.m in Sources */,
				E2E5E4DE25AEDDE4007D144A /* ZHAccountManager.m in Sources */,
			);
			runOnlyForDeploymentPostprocessing = 0;
		};
		E2CBF4B225A86DEB0097026F /* Sources */ = {
			isa = PBXSourcesBuildPhase;
			buildActionMask = 2147483647;
			files = (
				E2CBF4BC25A86DEB0097026F /* ZHSDKTests.m in Sources */,
			);
			runOnlyForDeploymentPostprocessing = 0;
		};
/* End PBXSourcesBuildPhase section */

/* Begin PBXTargetDependency section */
		E2CBF4B925A86DEB0097026F /* PBXTargetDependency */ = {
			isa = PBXTargetDependency;
			target = E2CBF4AC25A86DEA0097026F /* ZHSDK */;
			targetProxy = E2CBF4B825A86DEB0097026F /* PBXContainerItemProxy */;
		};
/* End PBXTargetDependency section */

/* Begin XCBuildConfiguration section */
		E2CBF4BF25A86DEB0097026F /* Debug */ = {
			isa = XCBuildConfiguration;
			buildSettings = {
				ALWAYS_SEARCH_USER_PATHS = NO;
				CLANG_ANALYZER_NONNULL = YES;
				CLANG_ANALYZER_NUMBER_OBJECT_CONVERSION = YES_AGGRESSIVE;
				CLANG_CXX_LANGUAGE_STANDARD = "gnu++14";
				CLANG_CXX_LIBRARY = "libc++";
				CLANG_ENABLE_MODULES = YES;
				CLANG_ENABLE_OBJC_ARC = YES;
				CLANG_ENABLE_OBJC_WEAK = YES;
				CLANG_WARN_BLOCK_CAPTURE_AUTORELEASING = YES;
				CLANG_WARN_BOOL_CONVERSION = YES;
				CLANG_WARN_COMMA = YES;
				CLANG_WARN_CONSTANT_CONVERSION = YES;
				CLANG_WARN_DEPRECATED_OBJC_IMPLEMENTATIONS = YES;
				CLANG_WARN_DIRECT_OBJC_ISA_USAGE = YES_ERROR;
				CLANG_WARN_DOCUMENTATION_COMMENTS = YES;
				CLANG_WARN_EMPTY_BODY = YES;
				CLANG_WARN_ENUM_CONVERSION = YES;
				CLANG_WARN_INFINITE_RECURSION = YES;
				CLANG_WARN_INT_CONVERSION = YES;
				CLANG_WARN_NON_LITERAL_NULL_CONVERSION = YES;
				CLANG_WARN_OBJC_IMPLICIT_RETAIN_SELF = YES;
				CLANG_WARN_OBJC_LITERAL_CONVERSION = YES;
				CLANG_WARN_OBJC_ROOT_CLASS = YES_ERROR;
				CLANG_WARN_QUOTED_INCLUDE_IN_FRAMEWORK_HEADER = YES;
				CLANG_WARN_RANGE_LOOP_ANALYSIS = YES;
				CLANG_WARN_STRICT_PROTOTYPES = YES;
				CLANG_WARN_SUSPICIOUS_MOVE = YES;
				CLANG_WARN_UNGUARDED_AVAILABILITY = YES_AGGRESSIVE;
				CLANG_WARN_UNREACHABLE_CODE = YES;
				CLANG_WARN__DUPLICATE_METHOD_MATCH = YES;
				COPY_PHASE_STRIP = NO;
				CURRENT_PROJECT_VERSION = 1;
				DEBUG_INFORMATION_FORMAT = dwarf;
				ENABLE_STRICT_OBJC_MSGSEND = YES;
				ENABLE_TESTABILITY = YES;
				GCC_C_LANGUAGE_STANDARD = gnu11;
				GCC_DYNAMIC_NO_PIC = NO;
				GCC_NO_COMMON_BLOCKS = YES;
				GCC_OPTIMIZATION_LEVEL = 0;
				GCC_PREPROCESSOR_DEFINITIONS = (
					"DEBUG=1",
					"$(inherited)",
				);
				GCC_WARN_64_TO_32_BIT_CONVERSION = YES;
				GCC_WARN_ABOUT_RETURN_TYPE = YES_ERROR;
				GCC_WARN_UNDECLARED_SELECTOR = YES;
				GCC_WARN_UNINITIALIZED_AUTOS = YES_AGGRESSIVE;
				GCC_WARN_UNUSED_FUNCTION = YES;
				GCC_WARN_UNUSED_VARIABLE = YES;
				IPHONEOS_DEPLOYMENT_TARGET = 14.2;
				MTL_ENABLE_DEBUG_INFO = INCLUDE_SOURCE;
				MTL_FAST_MATH = YES;
				ONLY_ACTIVE_ARCH = YES;
				SDKROOT = iphoneos;
				VERSIONING_SYSTEM = "apple-generic";
				VERSION_INFO_PREFIX = "";
			};
			name = Debug;
		};
		E2CBF4C025A86DEB0097026F /* Release */ = {
			isa = XCBuildConfiguration;
			buildSettings = {
				ALWAYS_SEARCH_USER_PATHS = NO;
				CLANG_ANALYZER_NONNULL = YES;
				CLANG_ANALYZER_NUMBER_OBJECT_CONVERSION = YES_AGGRESSIVE;
				CLANG_CXX_LANGUAGE_STANDARD = "gnu++14";
				CLANG_CXX_LIBRARY = "libc++";
				CLANG_ENABLE_MODULES = YES;
				CLANG_ENABLE_OBJC_ARC = YES;
				CLANG_ENABLE_OBJC_WEAK = YES;
				CLANG_WARN_BLOCK_CAPTURE_AUTORELEASING = YES;
				CLANG_WARN_BOOL_CONVERSION = YES;
				CLANG_WARN_COMMA = YES;
				CLANG_WARN_CONSTANT_CONVERSION = YES;
				CLANG_WARN_DEPRECATED_OBJC_IMPLEMENTATIONS = YES;
				CLANG_WARN_DIRECT_OBJC_ISA_USAGE = YES_ERROR;
				CLANG_WARN_DOCUMENTATION_COMMENTS = YES;
				CLANG_WARN_EMPTY_BODY = YES;
				CLANG_WARN_ENUM_CONVERSION = YES;
				CLANG_WARN_INFINITE_RECURSION = YES;
				CLANG_WARN_INT_CONVERSION = YES;
				CLANG_WARN_NON_LITERAL_NULL_CONVERSION = YES;
				CLANG_WARN_OBJC_IMPLICIT_RETAIN_SELF = YES;
				CLANG_WARN_OBJC_LITERAL_CONVERSION = YES;
				CLANG_WARN_OBJC_ROOT_CLASS = YES_ERROR;
				CLANG_WARN_QUOTED_INCLUDE_IN_FRAMEWORK_HEADER = YES;
				CLANG_WARN_RANGE_LOOP_ANALYSIS = YES;
				CLANG_WARN_STRICT_PROTOTYPES = YES;
				CLANG_WARN_SUSPICIOUS_MOVE = YES;
				CLANG_WARN_UNGUARDED_AVAILABILITY = YES_AGGRESSIVE;
				CLANG_WARN_UNREACHABLE_CODE = YES;
				CLANG_WARN__DUPLICATE_METHOD_MATCH = YES;
				COPY_PHASE_STRIP = NO;
				CURRENT_PROJECT_VERSION = 1;
				DEBUG_INFORMATION_FORMAT = "dwarf-with-dsym";
				ENABLE_NS_ASSERTIONS = NO;
				ENABLE_STRICT_OBJC_MSGSEND = YES;
				GCC_C_LANGUAGE_STANDARD = gnu11;
				GCC_NO_COMMON_BLOCKS = YES;
				GCC_WARN_64_TO_32_BIT_CONVERSION = YES;
				GCC_WARN_ABOUT_RETURN_TYPE = YES_ERROR;
				GCC_WARN_UNDECLARED_SELECTOR = YES;
				GCC_WARN_UNINITIALIZED_AUTOS = YES_AGGRESSIVE;
				GCC_WARN_UNUSED_FUNCTION = YES;
				GCC_WARN_UNUSED_VARIABLE = YES;
				IPHONEOS_DEPLOYMENT_TARGET = 14.2;
				MTL_ENABLE_DEBUG_INFO = NO;
				MTL_FAST_MATH = YES;
				SDKROOT = iphoneos;
				VALIDATE_PRODUCT = YES;
				VERSIONING_SYSTEM = "apple-generic";
				VERSION_INFO_PREFIX = "";
			};
			name = Release;
		};
		E2CBF4C225A86DEB0097026F /* Debug */ = {
			isa = XCBuildConfiguration;
			buildSettings = {
				CODE_SIGN_STYLE = Automatic;
				DEFINES_MODULE = YES;
				DYLIB_COMPATIBILITY_VERSION = 1;
				DYLIB_CURRENT_VERSION = 1;
				DYLIB_INSTALL_NAME_BASE = "@rpath";
				GCC_PREFIX_HEADER = /Users/dpstorm/ZHSDK/ZHSDK/ZHSDK/ZHHeader/ZHPrefixHeader.pch;
				HEADER_SEARCH_PATHS = "\"$(SRCROOT)/../ZHDemo/ZHDemo/PrefixHeader.pch\"";
				INFOPLIST_FILE = ZHSDK/Info.plist;
				INSTALL_PATH = "$(LOCAL_LIBRARY_DIR)/Frameworks";
				LD_RUNPATH_SEARCH_PATHS = (
					"$(inherited)",
					"@executable_path/Frameworks",
					"@loader_path/Frameworks",
				);
				PRODUCT_BUNDLE_IDENTIFIER = dpstorm.ZHSDK;
				PRODUCT_NAME = "$(TARGET_NAME:c99extidentifier)";
				SKIP_INSTALL = YES;
				TARGETED_DEVICE_FAMILY = "1,2";
			};
			name = Debug;
		};
		E2CBF4C325A86DEB0097026F /* Release */ = {
			isa = XCBuildConfiguration;
			buildSettings = {
				CODE_SIGN_STYLE = Automatic;
				DEFINES_MODULE = YES;
				DYLIB_COMPATIBILITY_VERSION = 1;
				DYLIB_CURRENT_VERSION = 1;
				DYLIB_INSTALL_NAME_BASE = "@rpath";
				GCC_PREFIX_HEADER = /Users/dpstorm/ZHSDK/ZHSDK/ZHSDK/ZHHeader/ZHPrefixHeader.pch;
				HEADER_SEARCH_PATHS = "\"$(SRCROOT)/../ZHDemo/ZHDemo/PrefixHeader.pch\"";
				INFOPLIST_FILE = ZHSDK/Info.plist;
				INSTALL_PATH = "$(LOCAL_LIBRARY_DIR)/Frameworks";
				LD_RUNPATH_SEARCH_PATHS = (
					"$(inherited)",
					"@executable_path/Frameworks",
					"@loader_path/Frameworks",
				);
				PRODUCT_BUNDLE_IDENTIFIER = dpstorm.ZHSDK;
				PRODUCT_NAME = "$(TARGET_NAME:c99extidentifier)";
				SKIP_INSTALL = YES;
				TARGETED_DEVICE_FAMILY = "1,2";
			};
			name = Release;
		};
		E2CBF4C525A86DEB0097026F /* Debug */ = {
			isa = XCBuildConfiguration;
			buildSettings = {
				CODE_SIGN_STYLE = Automatic;
				INFOPLIST_FILE = ZHSDKTests/Info.plist;
				LD_RUNPATH_SEARCH_PATHS = (
					"$(inherited)",
					"@executable_path/Frameworks",
					"@loader_path/Frameworks",
				);
				PRODUCT_BUNDLE_IDENTIFIER = dpstorm.ZHSDKTests;
				PRODUCT_NAME = "$(TARGET_NAME)";
				TARGETED_DEVICE_FAMILY = "1,2";
			};
			name = Debug;
		};
		E2CBF4C625A86DEB0097026F /* Release */ = {
			isa = XCBuildConfiguration;
			buildSettings = {
				CODE_SIGN_STYLE = Automatic;
				INFOPLIST_FILE = ZHSDKTests/Info.plist;
				LD_RUNPATH_SEARCH_PATHS = (
					"$(inherited)",
					"@executable_path/Frameworks",
					"@loader_path/Frameworks",
				);
				PRODUCT_BUNDLE_IDENTIFIER = dpstorm.ZHSDKTests;
				PRODUCT_NAME = "$(TARGET_NAME)";
				TARGETED_DEVICE_FAMILY = "1,2";
			};
			name = Release;
		};
/* End XCBuildConfiguration section */

/* Begin XCConfigurationList section */
		E2CBF4A725A86DEA0097026F /* Build configuration list for PBXProject "ZHSDK" */ = {
			isa = XCConfigurationList;
			buildConfigurations = (
				E2CBF4BF25A86DEB0097026F /* Debug */,
				E2CBF4C025A86DEB0097026F /* Release */,
			);
			defaultConfigurationIsVisible = 0;
			defaultConfigurationName = Release;
		};
		E2CBF4C125A86DEB0097026F /* Build configuration list for PBXNativeTarget "ZHSDK" */ = {
			isa = XCConfigurationList;
			buildConfigurations = (
				E2CBF4C225A86DEB0097026F /* Debug */,
				E2CBF4C325A86DEB0097026F /* Release */,
			);
			defaultConfigurationIsVisible = 0;
			defaultConfigurationName = Release;
		};
		E2CBF4C425A86DEB0097026F /* Build configuration list for PBXNativeTarget "ZHSDKTests" */ = {
			isa = XCConfigurationList;
			buildConfigurations = (
				E2CBF4C525A86DEB0097026F /* Debug */,
				E2CBF4C625A86DEB0097026F /* Release */,
			);
			defaultConfigurationIsVisible = 0;
			defaultConfigurationName = Release;
		};
/* End XCConfigurationList section */
	};
	rootObject = E2CBF4A425A86DEA0097026F /* Project object */;
}
